{
  "name": "primer",
  "version": "1.0.0",
  "lockfileVersion": 2,
  "requires": true,
  "packages": {
    "": {
      "name": "primer",
      "version": "1.0.0",
      "license": "ISC",
      "dependencies": {
        "@primer/primitives": "^7.10.0"
      }
    },
    "node_modules/@primer/primitives": {
      "version": "7.10.0",
      "resolved": "https://registry.npmjs.org/@primer/primitives/-/primitives-7.10.0.tgz",
      "integrity": "sha512-DdLHq21e93R9qDHyRuRpytBLY0Up9IwNWMOUgPNW6lRSng4N4+IdUlLS3Ekbasmxfs8Z8vKS8aezeYovQ5qsxQ=="
    }
  },
  "dependencies": {
    "@primer/primitives": {
      "version": "7.10.0",
      "resolved": "https://registry.npmjs.org/@primer/primitives/-/primitives-7.10.0.tgz",
      "integrity": "sha512-DdLHq21e93R9qDHyRuRpytBLY0Up9IwNWMOUgPNW6lRSng4N4+IdUlLS3Ekbasmxfs8Z8vKS8aezeYovQ5qsxQ=="
    }
  }
}
