{
  "name": "palettes",
  "version": "1.0.0",
  "lockfileVersion": 2,
  "requires": true,
  "packages": {
    "": {
      "name": "palettes",
      "version": "1.0.0",
      "license": "ISC",
      "dependencies": {
        "@material/material-color-utilities": "^0.2.0",
        "@primer/primitives": "^7.10.0"
      }
    },
    "node_modules/@material/material-color-utilities": {
      "version": "0.2.0",
      "resolved": "https://registry.npmjs.org/@material/material-color-utilities/-/material-color-utilities-0.2.0.tgz",
      "integrity": "sha512-Wux17VAe27abfUyA+yPq/xN7+e6xkj1UFKd9g02KD0HhpM+GRqXLfytJ6nJKhFtliZouQfTcBcOg2cGrt/XbKA=="
    },
    "node_modules/@primer/primitives": {
      "version": "7.10.0",
      "resolved": "https://registry.npmjs.org/@primer/primitives/-/primitives-7.10.0.tgz",
      "integrity": "sha512-DdLHq21e93R9qDHyRuRpytBLY0Up9IwNWMOUgPNW6lRSng4N4+IdUlLS3Ekbasmxfs8Z8vKS8aezeYovQ5qsxQ=="
    }
  },
  "dependencies": {
    "@material/material-color-utilities": {
      "version": "0.2.0",
      "resolved": "https://registry.npmjs.org/@material/material-color-utilities/-/material-color-utilities-0.2.0.tgz",
      "integrity": "sha512-Wux17VAe27abfUyA+yPq/xN7+e6xkj1UFKd9g02KD0HhpM+GRqXLfytJ6nJKhFtliZouQfTcBcOg2cGrt/XbKA=="
    },
    "@primer/primitives": {
      "version": "7.10.0",
      "resolved": "https://registry.npmjs.org/@primer/primitives/-/primitives-7.10.0.tgz",
      "integrity": "sha512-DdLHq21e93R9qDHyRuRpytBLY0Up9IwNWMOUgPNW6lRSng4N4+IdUlLS3Ekbasmxfs8Z8vKS8aezeYovQ5qsxQ=="
    }
  }
}
