{
  "name": "palettes",
  "version": "1.0.0",
  "lockfileVersion": 3,
  "requires": true,
  "packages": {
    "": {
      "name": "palettes",
      "version": "1.0.0",
      "license": "ISC",
      "dependencies": {
        "@primer/primitives": "^10.3.2"
      }
    },
    "node_modules/@primer/primitives": {
      "version": "10.3.2",
      "resolved": "https://registry.npmjs.org/@primer/primitives/-/primitives-10.3.2.tgz",
      "integrity": "sha512-TNFkoKEBj+5D5JG05IxWaXfPU5v156pY93E5+SMCGqZqQ8ID3c0lDhLBmjbNG03aRErErViSrBKQW0b327r/Cw==",
      "license": "MIT"
    }
  }
}
